PODS:
  - CMDQueryStringSerialization (0.2.0)
  - OCMock (2.2.4)
  - SPYTestLog (0.0.3)

DEPENDENCIES:
  - CMDQueryStringSerialization (~> 0.2)
  - OCMock
  - SPYTestLog

SPEC CHECKSUMS:
  CMDQueryStringSerialization: 15f9004212bbc72533bb533f63df79d90a00a7d8
  OCMock: a6a7dc0e3997fb9f35d99f72528698ebf60d64f2
  SPYTestLog: 5b240fc34b2436dd34579f371cd3dc3e50a84f9c

COCOAPODS: 0.36.3
